
Microsoft Visual Studio Solution File, Format Version 12.00
# Visual Studio Version 16
VisualStudioVersion = 16.0.30204.135
MinimumVisualStudioVersion = 10.0.40219.1
Project("{FAE04EC0-301F-11D3-BF4B-00C04F79EFBC}") = "MyToyShop", "MyToyShop\MyToyShop.csproj", "{0F41ABF0-83F6-44B2-AC0E-1BF17FF28286}"
EndProject
Global
	GlobalSection(SolutionConfigurationPlatforms) = preSolution
		Debug|Any CPU = Debug|Any CPU
		Release|Any CPU = Release|Any CPU
	EndGlobalSection
	GlobalSection(ProjectConfigurationPlatforms) = postSolution
		{0F41ABF0-83F6-44B2-AC0E-1BF17FF28286}.Debug|Any CPU.ActiveCfg = Debug|Any CPU
		{0F41ABF0-83F6-44B2-AC0E-1BF17FF28286}.Debug|Any CPU.Build.0 = Debug|Any CPU
		{0F41ABF0-83F6-44B2-AC0E-1BF17FF28286}.Release|Any CPU.ActiveCfg = Release|Any CPU
		{0F41ABF0-83F6-44B2-AC0E-1BF17FF28286}.Release|Any CPU.Build.0 = Release|Any CPU
	EndGlobalSection
	GlobalSection(SolutionProperties) = preSolution
		HideSolutionNode = FALSE
	EndGlobalSection
	GlobalSection(ExtensibilityGlobals) = postSolution
		SolutionGuid = {B7E2CDD7-C0BD-4D97-A8E1-CCC5CBC22756}
	EndGlobalSection
EndGlobal
